
Microsoft Visual Studio Solution File, Format Version 12.00
# Visual Studio Version 17
VisualStudioVersion = 17.0.31903.59
MinimumVisualStudioVersion = 10.0.40219.1
Project("{2150E333-8FDC-42A3-9474-1A3956D46DE8}") = "Enums", "Enums", "{54DC0C44-7EA3-486A-8211-C034AFFF8A4C}"
EndProject
Project("{FAE04EC0-301F-11D3-BF4B-00C04F79EFBC}") = "WorkPlace.Common", "Enums\WorkPlace.Common\WorkPlace.Common.csproj", "{58CA4FF8-92C0-4E5D-8B6D-B54A2DE557BD}"
EndProject
Global
	GlobalSection(SolutionConfigurationPlatforms) = preSolution
		Debug|Any CPU = Debug|Any CPU
		Release|Any CPU = Release|Any CPU
	EndGlobalSection
	GlobalSection(ProjectConfigurationPlatforms) = postSolution
		{58CA4FF8-92C0-4E5D-8B6D-B54A2DE557BD}.Debug|Any CPU.ActiveCfg = Debug|Any CPU
		{58CA4FF8-92C0-4E5D-8B6D-B54A2DE557BD}.Debug|Any CPU.Build.0 = Debug|Any CPU
		{58CA4FF8-92C0-4E5D-8B6D-B54A2DE557BD}.Release|Any CPU.ActiveCfg = Release|Any CPU
		{58CA4FF8-92C0-4E5D-8B6D-B54A2DE557BD}.Release|Any CPU.Build.0 = Release|Any CPU
	EndGlobalSection
	GlobalSection(SolutionProperties) = preSolution
		HideSolutionNode = FALSE
	EndGlobalSection
	GlobalSection(NestedProjects) = preSolution
		{58CA4FF8-92C0-4E5D-8B6D-B54A2DE557BD} = {54DC0C44-7EA3-486A-8211-C034AFFF8A4C}
	EndGlobalSection
	GlobalSection(ExtensibilityGlobals) = postSolution
		SolutionGuid = {21339D4E-D534-4D1D-A255-8B5DEBD733BE}
	EndGlobalSection
EndGlobal
